
Microsoft Visual Studio Solution File, Format Version 12.00
# Visual Studio Version 17
VisualStudioVersion = 17.4.33110.190
MinimumVisualStudioVersion = 10.0.40219.1
Project("{FAE04EC0-301F-11D3-BF4B-00C04F79EFBC}") = "PcStore", "PcStore\PcStore.csproj", "{C25309FC-958D-4340-A9F6-428DC25313D2}"
EndProject
Global
	GlobalSection(SolutionConfigurationPlatforms) = preSolution
		Debug|Any CPU = Debug|Any CPU
		Release|Any CPU = Release|Any CPU
	EndGlobalSection
	GlobalSection(ProjectConfigurationPlatforms) = postSolution
		{C25309FC-958D-4340-A9F6-428DC25313D2}.Debug|Any CPU.ActiveCfg = Debug|Any CPU
		{C25309FC-958D-4340-A9F6-428DC25313D2}.Debug|Any CPU.Build.0 = Debug|Any CPU
		{C25309FC-958D-4340-A9F6-428DC25313D2}.Release|Any CPU.ActiveCfg = Release|Any CPU
		{C25309FC-958D-4340-A9F6-428DC25313D2}.Release|Any CPU.Build.0 = Release|Any CPU
	EndGlobalSection
	GlobalSection(SolutionProperties) = preSolution
		HideSolutionNode = FALSE
	EndGlobalSection
	GlobalSection(ExtensibilityGlobals) = postSolution
		SolutionGuid = {EA6DD0DD-C902-424D-9CCF-832E79D9DE85}
	EndGlobalSection
EndGlobal
